
Microsoft Visual Studio Solution File, Format Version 12.00
# Visual Studio Version 17
VisualStudioVersion = 17.4.33110.190
MinimumVisualStudioVersion = 10.0.40219.1
Project("{FAE04EC0-301F-11D3-BF4B-00C04F79EFBC}") = "BSATroop829", "BSATroop829\BSATroop829.csproj", "{DBCF70FC-C0AF-42A9-9475-9842BFF084F6}"
EndProject
Global
	GlobalSection(SolutionConfigurationPlatforms) = preSolution
		Debug|Any CPU = Debug|Any CPU
		Release|Any CPU = Release|Any CPU
	EndGlobalSection
	GlobalSection(ProjectConfigurationPlatforms) = postSolution
		{DBCF70FC-C0AF-42A9-9475-9842BFF084F6}.Debug|Any CPU.ActiveCfg = Debug|Any CPU
		{DBCF70FC-C0AF-42A9-9475-9842BFF084F6}.Debug|Any CPU.Build.0 = Debug|Any CPU
		{DBCF70FC-C0AF-42A9-9475-9842BFF084F6}.Release|Any CPU.ActiveCfg = Release|Any CPU
		{DBCF70FC-C0AF-42A9-9475-9842BFF084F6}.Release|Any CPU.Build.0 = Release|Any CPU
	EndGlobalSection
	GlobalSection(SolutionProperties) = preSolution
		HideSolutionNode = FALSE
	EndGlobalSection
	GlobalSection(ExtensibilityGlobals) = postSolution
		SolutionGuid = {E5CA49CC-AEBD-4DB9-8C58-745DC94C4B21}
	EndGlobalSection
EndGlobal
